
Microsoft Visual Studio Solution File, Format Version 12.00
# Visual Studio Version 16
VisualStudioVersion = 16.0.31005.135
MinimumVisualStudioVersion = 10.0.40219.1
Project("{2150E333-8FDC-42A3-9474-1A3956D46DE8}") = "src", "src", "{31EA1129-53A0-468A-96F0-140152CAE46F}"
EndProject
Project("{FAE04EC0-301F-11D3-BF4B-00C04F79EFBC}") = "CourseCatalog.Domain", "CourseCatalog.Domain\CourseCatalog.Domain.csproj", "{7D990871-02DF-4FE8-B658-F60C169939DA}"
EndProject
Project("{FAE04EC0-301F-11D3-BF4B-00C04F79EFBC}") = "CourseCatalog.Application", "CourseCatalog.Application\CourseCatalog.Application.csproj", "{3DB87112-87D0-4D82-8613-A04225ED84B4}"
EndProject
Project("{2150E333-8FDC-42A3-9474-1A3956D46DE8}") = "Infrastructure", "Infrastructure", "{1EE333A6-BD7B-4D34-9128-18E0D0D23B77}"
EndProject
Project("{FAE04EC0-301F-11D3-BF4B-00C04F79EFBC}") = "CourseCatalog.Persistence", "CourseCatalog.Persistence\CourseCatalog.Persistence.csproj", "{A13D36F7-C6F9-41FD-8B3D-7D0709BCB376}"
EndProject
Project("{2150E333-8FDC-42A3-9474-1A3956D46DE8}") = "Core", "Core", "{F7841825-1F7A-4994-BB73-E825226400CA}"
EndProject
Project("{2150E333-8FDC-42A3-9474-1A3956D46DE8}") = "UI", "UI", "{5DC0C603-4EB3-421B-982E-B5A1CD1113CB}"
EndProject
Project("{FAE04EC0-301F-11D3-BF4B-00C04F79EFBC}") = "CourseCatalog.App", "CourseCatalog.App\CourseCatalog.App.csproj", "{ED3B36AA-657E-4DC3-9333-4CE435B3C05C}"
EndProject
Global
	GlobalSection(SolutionConfigurationPlatforms) = preSolution
		Debug|Any CPU = Debug|Any CPU
		Release|Any CPU = Release|Any CPU
	EndGlobalSection
	GlobalSection(ProjectConfigurationPlatforms) = postSolution
		{7D990871-02DF-4FE8-B658-F60C169939DA}.Debug|Any CPU.ActiveCfg = Debug|Any CPU
		{7D990871-02DF-4FE8-B658-F60C169939DA}.Debug|Any CPU.Build.0 = Debug|Any CPU
		{7D990871-02DF-4FE8-B658-F60C169939DA}.Release|Any CPU.ActiveCfg = Release|Any CPU
		{7D990871-02DF-4FE8-B658-F60C169939DA}.Release|Any CPU.Build.0 = Release|Any CPU
		{3DB87112-87D0-4D82-8613-A04225ED84B4}.Debug|Any CPU.ActiveCfg = Debug|Any CPU
		{3DB87112-87D0-4D82-8613-A04225ED84B4}.Debug|Any CPU.Build.0 = Debug|Any CPU
		{3DB87112-87D0-4D82-8613-A04225ED84B4}.Release|Any CPU.ActiveCfg = Release|Any CPU
		{3DB87112-87D0-4D82-8613-A04225ED84B4}.Release|Any CPU.Build.0 = Release|Any CPU
		{A13D36F7-C6F9-41FD-8B3D-7D0709BCB376}.Debug|Any CPU.ActiveCfg = Debug|Any CPU
		{A13D36F7-C6F9-41FD-8B3D-7D0709BCB376}.Debug|Any CPU.Build.0 = Debug|Any CPU
		{A13D36F7-C6F9-41FD-8B3D-7D0709BCB376}.Release|Any CPU.ActiveCfg = Release|Any CPU
		{A13D36F7-C6F9-41FD-8B3D-7D0709BCB376}.Release|Any CPU.Build.0 = Release|Any CPU
		{ED3B36AA-657E-4DC3-9333-4CE435B3C05C}.Debug|Any CPU.ActiveCfg = Debug|Any CPU
		{ED3B36AA-657E-4DC3-9333-4CE435B3C05C}.Debug|Any CPU.Build.0 = Debug|Any CPU
		{ED3B36AA-657E-4DC3-9333-4CE435B3C05C}.Release|Any CPU.ActiveCfg = Release|Any CPU
		{ED3B36AA-657E-4DC3-9333-4CE435B3C05C}.Release|Any CPU.Build.0 = Release|Any CPU
	EndGlobalSection
	GlobalSection(SolutionProperties) = preSolution
		HideSolutionNode = FALSE
	EndGlobalSection
	GlobalSection(NestedProjects) = preSolution
		{7D990871-02DF-4FE8-B658-F60C169939DA} = {F7841825-1F7A-4994-BB73-E825226400CA}
		{3DB87112-87D0-4D82-8613-A04225ED84B4} = {F7841825-1F7A-4994-BB73-E825226400CA}
		{1EE333A6-BD7B-4D34-9128-18E0D0D23B77} = {31EA1129-53A0-468A-96F0-140152CAE46F}
		{A13D36F7-C6F9-41FD-8B3D-7D0709BCB376} = {1EE333A6-BD7B-4D34-9128-18E0D0D23B77}
		{F7841825-1F7A-4994-BB73-E825226400CA} = {31EA1129-53A0-468A-96F0-140152CAE46F}
		{5DC0C603-4EB3-421B-982E-B5A1CD1113CB} = {31EA1129-53A0-468A-96F0-140152CAE46F}
		{ED3B36AA-657E-4DC3-9333-4CE435B3C05C} = {5DC0C603-4EB3-421B-982E-B5A1CD1113CB}
	EndGlobalSection
	GlobalSection(ExtensibilityGlobals) = postSolution
		SolutionGuid = {446982B7-BA11-4F55-BDB7-C538DDA3417A}
	EndGlobalSection
EndGlobal
